
Microsoft Visual Studio Solution File, Format Version 12.00
# Visual Studio Version 17
VisualStudioVersion = 17.2.32630.192
MinimumVisualStudioVersion = 10.0.40219.1
Project("{FAE04EC0-301F-11D3-BF4B-00C04F79EFBC}") = "Food_Web_API", "Food_Web_API\Food_Web_API.csproj", "{4CF178C4-1B68-4B04-89D6-591F327B2B3C}"
EndProject
Global
	GlobalSection(SolutionConfigurationPlatforms) = preSolution
		Debug|Any CPU = Debug|Any CPU
		Release|Any CPU = Release|Any CPU
	EndGlobalSection
	GlobalSection(ProjectConfigurationPlatforms) = postSolution
		{4CF178C4-1B68-4B04-89D6-591F327B2B3C}.Debug|Any CPU.ActiveCfg = Debug|Any CPU
		{4CF178C4-1B68-4B04-89D6-591F327B2B3C}.Debug|Any CPU.Build.0 = Debug|Any CPU
		{4CF178C4-1B68-4B04-89D6-591F327B2B3C}.Release|Any CPU.ActiveCfg = Release|Any CPU
		{4CF178C4-1B68-4B04-89D6-591F327B2B3C}.Release|Any CPU.Build.0 = Release|Any CPU
	EndGlobalSection
	GlobalSection(SolutionProperties) = preSolution
		HideSolutionNode = FALSE
	EndGlobalSection
	GlobalSection(ExtensibilityGlobals) = postSolution
		SolutionGuid = {A57A3EA9-70EE-438E-8DC2-618CC8B11AA4}
	EndGlobalSection
EndGlobal
